
Microsoft Visual Studio Solution File, Format Version 12.00
# Visual Studio 15
VisualStudioVersion = 15.0.28307.539
MinimumVisualStudioVersion = 10.0.40219.1
Project("{FAE04EC0-301F-11D3-BF4B-00C04F79EFBC}") = "travel-version-3.1", "travel-version-3.1\travel-version-3.1.csproj", "{5DF82E33-5C7E-4BAB-AA59-E7CF4D9FC284}"
EndProject
Global
	GlobalSection(SolutionConfigurationPlatforms) = preSolution
		Debug|Any CPU = Debug|Any CPU
		Release|Any CPU = Release|Any CPU
	EndGlobalSection
	GlobalSection(ProjectConfigurationPlatforms) = postSolution
		{5DF82E33-5C7E-4BAB-AA59-E7CF4D9FC284}.Debug|Any CPU.ActiveCfg = Debug|Any CPU
		{5DF82E33-5C7E-4BAB-AA59-E7CF4D9FC284}.Debug|Any CPU.Build.0 = Debug|Any CPU
		{5DF82E33-5C7E-4BAB-AA59-E7CF4D9FC284}.Release|Any CPU.ActiveCfg = Release|Any CPU
		{5DF82E33-5C7E-4BAB-AA59-E7CF4D9FC284}.Release|Any CPU.Build.0 = Release|Any CPU
	EndGlobalSection
	GlobalSection(SolutionProperties) = preSolution
		HideSolutionNode = FALSE
	EndGlobalSection
	GlobalSection(ExtensibilityGlobals) = postSolution
		SolutionGuid = {E4098199-2569-4246-B338-7053A040968A}
	EndGlobalSection
EndGlobal
